
Microsoft Visual Studio Solution File, Format Version 12.00
# Visual Studio Version 17
VisualStudioVersion = 17.4.33122.133
MinimumVisualStudioVersion = 10.0.40219.1
Project("{FAE04EC0-301F-11D3-BF4B-00C04F79EFBC}") = "LinkChecker", "LinkChecker\LinkChecker.csproj", "{57F87642-EB6B-4CE0-AAD3-8B443F777C9A}"
EndProject
Global
	GlobalSection(SolutionConfigurationPlatforms) = preSolution
		Debug|Any CPU = Debug|Any CPU
		Release|Any CPU = Release|Any CPU
	EndGlobalSection
	GlobalSection(ProjectConfigurationPlatforms) = postSolution
		{57F87642-EB6B-4CE0-AAD3-8B443F777C9A}.Debug|Any CPU.ActiveCfg = Debug|Any CPU
		{57F87642-EB6B-4CE0-AAD3-8B443F777C9A}.Debug|Any CPU.Build.0 = Debug|Any CPU
		{57F87642-EB6B-4CE0-AAD3-8B443F777C9A}.Release|Any CPU.ActiveCfg = Release|Any CPU
		{57F87642-EB6B-4CE0-AAD3-8B443F777C9A}.Release|Any CPU.Build.0 = Release|Any CPU
	EndGlobalSection
	GlobalSection(SolutionProperties) = preSolution
		HideSolutionNode = FALSE
	EndGlobalSection
	GlobalSection(ExtensibilityGlobals) = postSolution
		SolutionGuid = {0D7F05E1-36D4-4C13-A9C7-D26D4985DADE}
	EndGlobalSection
EndGlobal
